# @generated - this file is auto-generated by `mise lock` https://mise.en.dev/dev-tools/mise-lock.html

[[tools."aqua:vercel-labs/agent-browser"]]
version = "0.33.2"
backend = "aqua:vercel-labs/agent-browser"

[tools."aqua:vercel-labs/agent-browser"."platforms.linux-x64"]
checksum = "sha256:ca7e6589158fd9276897ec66367105704a215f95b1df4c4abb193244d0260eda"
url = "https://github.com/vercel-labs/agent-browser/releases/download/v0.33.2/agent-browser-linux-musl-x64"
url_api = "https://api.github.com/repos/vercel-labs/agent-browser/releases/assets/498513403"

[tools."aqua:vercel-labs/agent-browser"."platforms.linux-x64-baseline"]
checksum = "sha256:ca7e6589158fd9276897ec66367105704a215f95b1df4c4abb193244d0260eda"
url = "https://github.com/vercel-labs/agent-browser/releases/download/v0.33.2/agent-browser-linux-musl-x64"
url_api = "https://api.github.com/repos/vercel-labs/agent-browser/releases/assets/498513403"

[tools."aqua:vercel-labs/agent-browser"."platforms.linux-x64-musl"]
checksum = "sha256:ca7e6589158fd9276897ec66367105704a215f95b1df4c4abb193244d0260eda"
url = "https://github.com/vercel-labs/agent-browser/releases/download/v0.33.2/agent-browser-linux-musl-x64"
url_api = "https://api.github.com/repos/vercel-labs/agent-browser/releases/assets/498513403"

[tools."aqua:vercel-labs/agent-browser"."platforms.linux-x64-musl-baseline"]
checksum = "sha256:ca7e6589158fd9276897ec66367105704a215f95b1df4c4abb193244d0260eda"
url = "https://github.com/vercel-labs/agent-browser/releases/download/v0.33.2/agent-browser-linux-musl-x64"
url_api = "https://api.github.com/repos/vercel-labs/agent-browser/releases/assets/498513403"

[tools."aqua:vercel-labs/agent-browser"."platforms.macos-arm64"]
checksum = "sha256:cbb517902bcaa3b7a6384fd9f25dd274da3df2bb6a3ba9c3e85806d78213c26b"
url = "https://github.com/vercel-labs/agent-browser/releases/download/v0.33.2/agent-browser-darwin-arm64"
url_api = "https://api.github.com/repos/vercel-labs/agent-browser/releases/assets/498513404"

[tools."aqua:vercel-labs/agent-browser"."platforms.windows-x64"]
checksum = "sha256:291f0c33c2fbcbf159b5868065ab412dfd8722d6299821e010cf0715964f2cba"
url = "https://github.com/vercel-labs/agent-browser/releases/download/v0.33.2/agent-browser-win32-x64.exe"
url_api = "https://api.github.com/repos/vercel-labs/agent-browser/releases/assets/498513425"

[tools."aqua:vercel-labs/agent-browser"."platforms.windows-x64-baseline"]
checksum = "sha256:291f0c33c2fbcbf159b5868065ab412dfd8722d6299821e010cf0715964f2cba"
url = "https://github.com/vercel-labs/agent-browser/releases/download/v0.33.2/agent-browser-win32-x64.exe"
url_api = "https://api.github.com/repos/vercel-labs/agent-browser/releases/assets/498513425"

[[tools.bun]]
version = "1.3.14"
backend = "core:bun"

[tools.bun."platforms.linux-x64"]
checksum = "sha256:951ee2aee855f08595aeec6225226a298d3fea83a3dcd6465c09cbccdf7e848f"
url = "https://github.com/oven-sh/bun/releases/download/bun-v1.3.14/bun-linux-x64.zip"

[tools.bun."platforms.linux-x64-baseline"]
checksum = "sha256:a063908ae08b7852ca10939bbdc6ceed3ddabce8fb9402dce83d65d73b36e6c7"
url = "https://github.com/oven-sh/bun/releases/download/bun-v1.3.14/bun-linux-x64-baseline.zip"

[tools.bun."platforms.linux-x64-musl"]
checksum = "sha256:14bd9aedeebf1dba67e8def9531c89bc989ecfdf1de42e5bfcaf1b8cd9294719"
url = "https://github.com/oven-sh/bun/releases/download/bun-v1.3.14/bun-linux-x64-musl.zip"

[tools.bun."platforms.linux-x64-musl-baseline"]
checksum = "sha256:56a7d6806cf155536c0178f0ea5fbd098e684fa509ebdb4fc0a7e19fb65382dc"
url = "https://github.com/oven-sh/bun/releases/download/bun-v1.3.14/bun-linux-x64-musl-baseline.zip"

[tools.bun."platforms.macos-arm64"]
checksum = "sha256:d8b96221828ad6f97ac7ac0ab7e95872341af763001e8803e8267652c2652620"
url = "https://github.com/oven-sh/bun/releases/download/bun-v1.3.14/bun-darwin-aarch64.zip"

[tools.bun."platforms.windows-x64"]
checksum = "sha256:0a0620930b6675d7ba440e81f4e0e00d3cfbe096c4b140d3fff02205e9e18922"
url = "https://github.com/oven-sh/bun/releases/download/bun-v1.3.14/bun-windows-x64.zip"

[tools.bun."platforms.windows-x64-baseline"]
checksum = "sha256:538f9c846355d9e847b2671bc00c47da4229a0befb24df3282b739770f3b475f"
url = "https://github.com/oven-sh/bun/releases/download/bun-v1.3.14/bun-windows-x64-baseline.zip"

[[tools.just]]
version = "1.58.0"
backend = "aqua:casey/just"

[tools.just."platforms.linux-x64"]
checksum = "sha256:4a5cc2f53e6f0f8c59092a6cc38291eb729d46a7dd95d3ae582008881b84931d"
url = "https://github.com/casey/just/releases/download/1.58.0/just-1.58.0-x86_64-unknown-linux-musl.tar.gz"
url_api = "https://api.github.com/repos/casey/just/releases/assets/500509978"

[tools.just."platforms.linux-x64-baseline"]
checksum = "sha256:4a5cc2f53e6f0f8c59092a6cc38291eb729d46a7dd95d3ae582008881b84931d"
url = "https://github.com/casey/just/releases/download/1.58.0/just-1.58.0-x86_64-unknown-linux-musl.tar.gz"
url_api = "https://api.github.com/repos/casey/just/releases/assets/500509978"

[tools.just."platforms.linux-x64-musl"]
checksum = "sha256:4a5cc2f53e6f0f8c59092a6cc38291eb729d46a7dd95d3ae582008881b84931d"
url = "https://github.com/casey/just/releases/download/1.58.0/just-1.58.0-x86_64-unknown-linux-musl.tar.gz"
url_api = "https://api.github.com/repos/casey/just/releases/assets/500509978"

[tools.just."platforms.linux-x64-musl-baseline"]
checksum = "sha256:4a5cc2f53e6f0f8c59092a6cc38291eb729d46a7dd95d3ae582008881b84931d"
url = "https://github.com/casey/just/releases/download/1.58.0/just-1.58.0-x86_64-unknown-linux-musl.tar.gz"
url_api = "https://api.github.com/repos/casey/just/releases/assets/500509978"

[tools.just."platforms.macos-arm64"]
checksum = "sha256:50ae3e996c974a0bf32ea7d10f495070df33f1b43e0616b2769e3d4821ed8f48"
url = "https://github.com/casey/just/releases/download/1.58.0/just-1.58.0-aarch64-apple-darwin.tar.gz"
url_api = "https://api.github.com/repos/casey/just/releases/assets/500509965"

[tools.just."platforms.windows-x64"]
checksum = "sha256:759f16fb7aa17c5c8b9594b6d4a8c1a6630dfd042cf2b3ff84841454d3d188dc"
url = "https://github.com/casey/just/releases/download/1.58.0/just-1.58.0-x86_64-pc-windows-msvc.zip"
url_api = "https://api.github.com/repos/casey/just/releases/assets/500511374"

[tools.just."platforms.windows-x64-baseline"]
checksum = "sha256:759f16fb7aa17c5c8b9594b6d4a8c1a6630dfd042cf2b3ff84841454d3d188dc"
url = "https://github.com/casey/just/releases/download/1.58.0/just-1.58.0-x86_64-pc-windows-msvc.zip"
url_api = "https://api.github.com/repos/casey/just/releases/assets/500511374"

[[tools.markdownlint-cli2]]
version = "0.23.2"
backend = "npm:markdownlint-cli2"

[[tools."npm:agent-browser"]]
version = "0.33.2"
backend = "npm:agent-browser"

[[tools.oxfmt]]
version = "0.62.0"
backend = "npm:oxfmt"

[[tools.oxlint]]
version = "1.77.0"
backend = "npm:oxlint"

[[tools."pipx:mdformat"]]
version = "1.0.0"
backend = "pipx:mdformat"

[tools."pipx:mdformat".options]
uvx_args = "--with mdformat-gfm --with mdformat-admon --with mdformat-config --with mdformat-footnote --with mdformat-simple-breaks --with mdformat-web --with mdformat-ruff --with mdformat-gfm-alerts --with mdformat-toc --with mdformat-front-matters"

[[tools."pipx:pre-commit"]]
version = "4.6.1"
backend = "pipx:pre-commit"

[[tools.shellcheck]]
version = "0.11.0"
backend = "aqua:koalaman/shellcheck"

[tools.shellcheck."platforms.linux-x64"]
checksum = "sha256:8c3be12b05d5c177a04c29e3c78ce89ac86f1595681cab149b65b97c4e227198"
url = "https://github.com/koalaman/shellcheck/releases/download/v0.11.0/shellcheck-v0.11.0.linux.x86_64.tar.xz"

[tools.shellcheck."platforms.linux-x64-baseline"]
checksum = "sha256:8c3be12b05d5c177a04c29e3c78ce89ac86f1595681cab149b65b97c4e227198"
url = "https://github.com/koalaman/shellcheck/releases/download/v0.11.0/shellcheck-v0.11.0.linux.x86_64.tar.xz"

[tools.shellcheck."platforms.linux-x64-musl"]
checksum = "sha256:8c3be12b05d5c177a04c29e3c78ce89ac86f1595681cab149b65b97c4e227198"
url = "https://github.com/koalaman/shellcheck/releases/download/v0.11.0/shellcheck-v0.11.0.linux.x86_64.tar.xz"

[tools.shellcheck."platforms.linux-x64-musl-baseline"]
checksum = "sha256:8c3be12b05d5c177a04c29e3c78ce89ac86f1595681cab149b65b97c4e227198"
url = "https://github.com/koalaman/shellcheck/releases/download/v0.11.0/shellcheck-v0.11.0.linux.x86_64.tar.xz"

[tools.shellcheck."platforms.macos-arm64"]
checksum = "sha256:56affdd8de5527894dca6dc3d7e0a99a873b0f004d7aabc30ae407d3f48b0a79"
url = "https://github.com/koalaman/shellcheck/releases/download/v0.11.0/shellcheck-v0.11.0.darwin.aarch64.tar.xz"

[tools.shellcheck."platforms.windows-x64"]
checksum = "sha256:8a4e35ab0b331c85d73567b12f2a444df187f483e5079ceffa6bda1faa2e740e"
url = "https://github.com/koalaman/shellcheck/releases/download/v0.11.0/shellcheck-v0.11.0.zip"

[tools.shellcheck."platforms.windows-x64-baseline"]
checksum = "sha256:8a4e35ab0b331c85d73567b12f2a444df187f483e5079ceffa6bda1faa2e740e"
url = "https://github.com/koalaman/shellcheck/releases/download/v0.11.0/shellcheck-v0.11.0.zip"

[[tools.syft]]
version = "1.50.0"
backend = "aqua:anchore/syft"

[tools.syft."platforms.linux-x64"]
checksum = "sha256:bf7b29ff57f06da30918266a0e1c2885a8f99784798d1bdb1628886aa015d788"
url = "https://github.com/anchore/syft/releases/download/v1.50.0/syft_1.50.0_linux_amd64.tar.gz"
url_api = "https://api.github.com/repos/anchore/syft/releases/assets/493004612"

[tools.syft."platforms.linux-x64-baseline"]
checksum = "sha256:bf7b29ff57f06da30918266a0e1c2885a8f99784798d1bdb1628886aa015d788"
url = "https://github.com/anchore/syft/releases/download/v1.50.0/syft_1.50.0_linux_amd64.tar.gz"
url_api = "https://api.github.com/repos/anchore/syft/releases/assets/493004612"

[tools.syft."platforms.linux-x64-musl"]
checksum = "sha256:bf7b29ff57f06da30918266a0e1c2885a8f99784798d1bdb1628886aa015d788"
url = "https://github.com/anchore/syft/releases/download/v1.50.0/syft_1.50.0_linux_amd64.tar.gz"
url_api = "https://api.github.com/repos/anchore/syft/releases/assets/493004612"

[tools.syft."platforms.linux-x64-musl-baseline"]
checksum = "sha256:bf7b29ff57f06da30918266a0e1c2885a8f99784798d1bdb1628886aa015d788"
url = "https://github.com/anchore/syft/releases/download/v1.50.0/syft_1.50.0_linux_amd64.tar.gz"
url_api = "https://api.github.com/repos/anchore/syft/releases/assets/493004612"

[tools.syft."platforms.macos-arm64"]
checksum = "sha256:e32fdb9d47823fa633748a1efca2528fd77c37469ea93c9e40ab835da44e4cce"
url = "https://github.com/anchore/syft/releases/download/v1.50.0/syft_1.50.0_darwin_arm64.tar.gz"
url_api = "https://api.github.com/repos/anchore/syft/releases/assets/493004615"

[tools.syft."platforms.windows-x64"]
checksum = "sha256:815ee6973ec5dff6a671d7f41b0e78835a8c45b91d5a39f4743ea1cee833d3be"
url = "https://github.com/anchore/syft/releases/download/v1.50.0/syft_1.50.0_windows_amd64.zip"
url_api = "https://api.github.com/repos/anchore/syft/releases/assets/493004607"

[tools.syft."platforms.windows-x64-baseline"]
checksum = "sha256:815ee6973ec5dff6a671d7f41b0e78835a8c45b91d5a39f4743ea1cee833d3be"
url = "https://github.com/anchore/syft/releases/download/v1.50.0/syft_1.50.0_windows_amd64.zip"
url_api = "https://api.github.com/repos/anchore/syft/releases/assets/493004607"

[[tools.taplo]]
version = "0.10.0"
backend = "aqua:tamasfe/taplo"

[tools.taplo."platforms.linux-x64"]
url = "https://github.com/tamasfe/taplo/releases/download/0.10.0/taplo-linux-x86_64.gz"
url_api = "https://api.github.com/repos/tamasfe/taplo/releases/assets/257322600"

[tools.taplo."platforms.linux-x64-baseline"]
url = "https://github.com/tamasfe/taplo/releases/download/0.10.0/taplo-linux-x86_64.gz"
url_api = "https://api.github.com/repos/tamasfe/taplo/releases/assets/257322600"

[tools.taplo."platforms.linux-x64-musl"]
url = "https://github.com/tamasfe/taplo/releases/download/0.10.0/taplo-linux-x86_64.gz"
url_api = "https://api.github.com/repos/tamasfe/taplo/releases/assets/257322600"

[tools.taplo."platforms.linux-x64-musl-baseline"]
url = "https://github.com/tamasfe/taplo/releases/download/0.10.0/taplo-linux-x86_64.gz"
url_api = "https://api.github.com/repos/tamasfe/taplo/releases/assets/257322600"

[tools.taplo."platforms.macos-arm64"]
url = "https://github.com/tamasfe/taplo/releases/download/0.10.0/taplo-darwin-aarch64.gz"
url_api = "https://api.github.com/repos/tamasfe/taplo/releases/assets/257323110"

[tools.taplo."platforms.windows-x64"]
url = "https://github.com/tamasfe/taplo/releases/download/0.10.0/taplo-windows-x86_64.zip"
url_api = "https://api.github.com/repos/tamasfe/taplo/releases/assets/257323062"

[tools.taplo."platforms.windows-x64-baseline"]
url = "https://github.com/tamasfe/taplo/releases/download/0.10.0/taplo-windows-x86_64.zip"
url_api = "https://api.github.com/repos/tamasfe/taplo/releases/assets/257323062"
