# @generated - this file is auto-generated by `mise lock` https://mise.en.dev/dev-tools/mise-lock.html

[[tools."aqua:vercel-labs/agent-browser"]]
version = "0.27.3"
backend = "aqua:vercel-labs/agent-browser"

[tools."aqua:vercel-labs/agent-browser"."platforms.linux-x64"]
checksum = "sha256:0ddee530e9758fab03565e84417b2e60c0c78d892506f85731a059532adab97f"
url = "https://github.com/vercel-labs/agent-browser/releases/download/v0.27.3/agent-browser-linux-musl-x64"

[tools."aqua:vercel-labs/agent-browser"."platforms.linux-x64-baseline"]
checksum = "sha256:0ddee530e9758fab03565e84417b2e60c0c78d892506f85731a059532adab97f"
url = "https://github.com/vercel-labs/agent-browser/releases/download/v0.27.3/agent-browser-linux-musl-x64"

[tools."aqua:vercel-labs/agent-browser"."platforms.linux-x64-musl"]
checksum = "sha256:0ddee530e9758fab03565e84417b2e60c0c78d892506f85731a059532adab97f"
url = "https://github.com/vercel-labs/agent-browser/releases/download/v0.27.3/agent-browser-linux-musl-x64"

[tools."aqua:vercel-labs/agent-browser"."platforms.linux-x64-musl-baseline"]
checksum = "sha256:0ddee530e9758fab03565e84417b2e60c0c78d892506f85731a059532adab97f"
url = "https://github.com/vercel-labs/agent-browser/releases/download/v0.27.3/agent-browser-linux-musl-x64"

[tools."aqua:vercel-labs/agent-browser"."platforms.macos-arm64"]
checksum = "sha256:589edd78eaec9dcadcd9fb9a4ca080cb1ae5a27a99e02c531fdb7c68e7083723"
url = "https://github.com/vercel-labs/agent-browser/releases/download/v0.27.3/agent-browser-darwin-arm64"

[tools."aqua:vercel-labs/agent-browser"."platforms.windows-x64"]
checksum = "sha256:1d2e5230859dcb5b0dae3594c017b88cb80219478ca019196dbff1e929251d3c"
url = "https://github.com/vercel-labs/agent-browser/releases/download/v0.27.3/agent-browser-win32-x64.exe"

[tools."aqua:vercel-labs/agent-browser"."platforms.windows-x64-baseline"]
checksum = "sha256:1d2e5230859dcb5b0dae3594c017b88cb80219478ca019196dbff1e929251d3c"
url = "https://github.com/vercel-labs/agent-browser/releases/download/v0.27.3/agent-browser-win32-x64.exe"

[[tools.bun]]
version = "1.3.14"
backend = "core:bun"

[tools.bun."platforms.linux-x64"]
checksum = "sha256:951ee2aee855f08595aeec6225226a298d3fea83a3dcd6465c09cbccdf7e848f"
url = "https://github.com/oven-sh/bun/releases/download/bun-v1.3.14/bun-linux-x64.zip"

[tools.bun."platforms.linux-x64-baseline"]
checksum = "sha256:a063908ae08b7852ca10939bbdc6ceed3ddabce8fb9402dce83d65d73b36e6c7"
url = "https://github.com/oven-sh/bun/releases/download/bun-v1.3.14/bun-linux-x64-baseline.zip"

[tools.bun."platforms.linux-x64-musl"]
checksum = "sha256:14bd9aedeebf1dba67e8def9531c89bc989ecfdf1de42e5bfcaf1b8cd9294719"
url = "https://github.com/oven-sh/bun/releases/download/bun-v1.3.14/bun-linux-x64-musl.zip"

[tools.bun."platforms.linux-x64-musl-baseline"]
checksum = "sha256:56a7d6806cf155536c0178f0ea5fbd098e684fa509ebdb4fc0a7e19fb65382dc"
url = "https://github.com/oven-sh/bun/releases/download/bun-v1.3.14/bun-linux-x64-musl-baseline.zip"

[tools.bun."platforms.macos-arm64"]
checksum = "sha256:d8b96221828ad6f97ac7ac0ab7e95872341af763001e8803e8267652c2652620"
url = "https://github.com/oven-sh/bun/releases/download/bun-v1.3.14/bun-darwin-aarch64.zip"

[tools.bun."platforms.windows-x64"]
checksum = "sha256:0a0620930b6675d7ba440e81f4e0e00d3cfbe096c4b140d3fff02205e9e18922"
url = "https://github.com/oven-sh/bun/releases/download/bun-v1.3.14/bun-windows-x64.zip"

[tools.bun."platforms.windows-x64-baseline"]
checksum = "sha256:538f9c846355d9e847b2671bc00c47da4229a0befb24df3282b739770f3b475f"
url = "https://github.com/oven-sh/bun/releases/download/bun-v1.3.14/bun-windows-x64-baseline.zip"

[[tools.just]]
version = "1.53.0"
backend = "aqua:casey/just"

[tools.just."platforms.linux-x64"]
checksum = "sha256:7fedeb22c7e14d9ef1551e8b793700866d80f409f9884b0e80ebb65c11d4874d"
url = "https://github.com/casey/just/releases/download/1.53.0/just-1.53.0-x86_64-unknown-linux-musl.tar.gz"

[tools.just."platforms.linux-x64-baseline"]
checksum = "sha256:7fedeb22c7e14d9ef1551e8b793700866d80f409f9884b0e80ebb65c11d4874d"
url = "https://github.com/casey/just/releases/download/1.53.0/just-1.53.0-x86_64-unknown-linux-musl.tar.gz"

[tools.just."platforms.linux-x64-musl"]
checksum = "sha256:7fedeb22c7e14d9ef1551e8b793700866d80f409f9884b0e80ebb65c11d4874d"
url = "https://github.com/casey/just/releases/download/1.53.0/just-1.53.0-x86_64-unknown-linux-musl.tar.gz"

[tools.just."platforms.linux-x64-musl-baseline"]
checksum = "sha256:7fedeb22c7e14d9ef1551e8b793700866d80f409f9884b0e80ebb65c11d4874d"
url = "https://github.com/casey/just/releases/download/1.53.0/just-1.53.0-x86_64-unknown-linux-musl.tar.gz"

[tools.just."platforms.macos-arm64"]
checksum = "sha256:27f1361f2e4fb5d733837f1a9f80f85c237e5a36c75ee14961e59141713aa4ed"
url = "https://github.com/casey/just/releases/download/1.53.0/just-1.53.0-aarch64-apple-darwin.tar.gz"

[tools.just."platforms.windows-x64"]
checksum = "sha256:02308af0c174d3e0286f6bfc2b020258a3e12cd0c52c1d16fac8ef2c12dea0af"
url = "https://github.com/casey/just/releases/download/1.53.0/just-1.53.0-x86_64-pc-windows-msvc.zip"

[tools.just."platforms.windows-x64-baseline"]
checksum = "sha256:02308af0c174d3e0286f6bfc2b020258a3e12cd0c52c1d16fac8ef2c12dea0af"
url = "https://github.com/casey/just/releases/download/1.53.0/just-1.53.0-x86_64-pc-windows-msvc.zip"

[[tools.markdownlint-cli2]]
version = "0.22.1"
backend = "npm:markdownlint-cli2"

[[tools.oxfmt]]
version = "0.56.0"
backend = "npm:oxfmt"

[[tools.oxlint]]
version = "1.71.0"
backend = "npm:oxlint"

[[tools."pipx:mdformat"]]
version = "1.0.0"
backend = "pipx:mdformat"

[tools."pipx:mdformat".options]
uvx_args = "--with mdformat-gfm --with mdformat-admon --with mdformat-config --with mdformat-footnote --with mdformat-simple-breaks --with mdformat-web --with mdformat-ruff --with mdformat-gfm-alerts --with mdformat-toc --with mdformat-front-matters"

[[tools."pipx:pre-commit"]]
version = "4.6.0"
backend = "pipx:pre-commit"

[[tools.syft]]
version = "1.45.1"
backend = "aqua:anchore/syft"

[tools.syft."platforms.linux-x64"]
checksum = "sha256:20c84195e24927f50a3b2269946be51f4c4abc9d2f145fee7388b4199149f716"
url = "https://github.com/anchore/syft/releases/download/v1.45.1/syft_1.45.1_linux_amd64.tar.gz"

[tools.syft."platforms.linux-x64-baseline"]
checksum = "sha256:20c84195e24927f50a3b2269946be51f4c4abc9d2f145fee7388b4199149f716"
url = "https://github.com/anchore/syft/releases/download/v1.45.1/syft_1.45.1_linux_amd64.tar.gz"

[tools.syft."platforms.linux-x64-musl"]
checksum = "sha256:20c84195e24927f50a3b2269946be51f4c4abc9d2f145fee7388b4199149f716"
url = "https://github.com/anchore/syft/releases/download/v1.45.1/syft_1.45.1_linux_amd64.tar.gz"

[tools.syft."platforms.linux-x64-musl-baseline"]
checksum = "sha256:20c84195e24927f50a3b2269946be51f4c4abc9d2f145fee7388b4199149f716"
url = "https://github.com/anchore/syft/releases/download/v1.45.1/syft_1.45.1_linux_amd64.tar.gz"

[tools.syft."platforms.macos-arm64"]
checksum = "sha256:2f79ccbba6236636125d1ece60a6dc71d4e4f91b9f580cc2afbbafc763ff353d"
url = "https://github.com/anchore/syft/releases/download/v1.45.1/syft_1.45.1_darwin_arm64.tar.gz"

[tools.syft."platforms.windows-x64"]
checksum = "sha256:a9d12c26521e09213745884b8b7dc361dff83188c3a1ada0da1af71012dbcd52"
url = "https://github.com/anchore/syft/releases/download/v1.45.1/syft_1.45.1_windows_amd64.zip"

[tools.syft."platforms.windows-x64-baseline"]
checksum = "sha256:a9d12c26521e09213745884b8b7dc361dff83188c3a1ada0da1af71012dbcd52"
url = "https://github.com/anchore/syft/releases/download/v1.45.1/syft_1.45.1_windows_amd64.zip"

[[tools.taplo]]
version = "0.10.0"
backend = "aqua:tamasfe/taplo"

[tools.taplo."platforms.linux-x64"]
url = "https://github.com/tamasfe/taplo/releases/download/0.10.0/taplo-linux-x86_64.gz"

[tools.taplo."platforms.linux-x64-baseline"]
url = "https://github.com/tamasfe/taplo/releases/download/0.10.0/taplo-linux-x86_64.gz"

[tools.taplo."platforms.linux-x64-musl"]
url = "https://github.com/tamasfe/taplo/releases/download/0.10.0/taplo-linux-x86_64.gz"

[tools.taplo."platforms.linux-x64-musl-baseline"]
url = "https://github.com/tamasfe/taplo/releases/download/0.10.0/taplo-linux-x86_64.gz"

[tools.taplo."platforms.macos-arm64"]
url = "https://github.com/tamasfe/taplo/releases/download/0.10.0/taplo-darwin-aarch64.gz"

[tools.taplo."platforms.windows-x64"]
url = "https://github.com/tamasfe/taplo/releases/download/0.10.0/taplo-windows-x86_64.zip"

[tools.taplo."platforms.windows-x64-baseline"]
url = "https://github.com/tamasfe/taplo/releases/download/0.10.0/taplo-windows-x86_64.zip"
