# @generated - this file is auto-generated by `mise lock` https://mise.en.dev/dev-tools/mise-lock.html

[[tools."aqua:vercel-labs/agent-browser"]]
version = "0.31.1"
backend = "aqua:vercel-labs/agent-browser"

[tools."aqua:vercel-labs/agent-browser"."platforms.linux-x64"]
checksum = "sha256:b7492a3e00e52790bffbd2900c399265e6a80598276f89fb8b2fbfa314cc8d22"
url = "https://github.com/vercel-labs/agent-browser/releases/download/v0.31.1/agent-browser-linux-musl-x64"

[tools."aqua:vercel-labs/agent-browser"."platforms.linux-x64-baseline"]
checksum = "sha256:b7492a3e00e52790bffbd2900c399265e6a80598276f89fb8b2fbfa314cc8d22"
url = "https://github.com/vercel-labs/agent-browser/releases/download/v0.31.1/agent-browser-linux-musl-x64"

[tools."aqua:vercel-labs/agent-browser"."platforms.linux-x64-musl"]
checksum = "sha256:b7492a3e00e52790bffbd2900c399265e6a80598276f89fb8b2fbfa314cc8d22"
url = "https://github.com/vercel-labs/agent-browser/releases/download/v0.31.1/agent-browser-linux-musl-x64"

[tools."aqua:vercel-labs/agent-browser"."platforms.linux-x64-musl-baseline"]
checksum = "sha256:b7492a3e00e52790bffbd2900c399265e6a80598276f89fb8b2fbfa314cc8d22"
url = "https://github.com/vercel-labs/agent-browser/releases/download/v0.31.1/agent-browser-linux-musl-x64"

[tools."aqua:vercel-labs/agent-browser"."platforms.macos-arm64"]
checksum = "sha256:fd7acd17b3071ff7f75a03c1ecd30501959d9c2d063bdaa05adb6f77abf2a7bf"
url = "https://github.com/vercel-labs/agent-browser/releases/download/v0.31.1/agent-browser-darwin-arm64"

[tools."aqua:vercel-labs/agent-browser"."platforms.windows-x64"]
checksum = "sha256:0a355020b0ff2f9199fbb7385a0b8b7e16b548bb0d6df64498b456b76898adfa"
url = "https://github.com/vercel-labs/agent-browser/releases/download/v0.31.1/agent-browser-win32-x64.exe"

[tools."aqua:vercel-labs/agent-browser"."platforms.windows-x64-baseline"]
checksum = "sha256:0a355020b0ff2f9199fbb7385a0b8b7e16b548bb0d6df64498b456b76898adfa"
url = "https://github.com/vercel-labs/agent-browser/releases/download/v0.31.1/agent-browser-win32-x64.exe"

[[tools.bun]]
version = "1.3.14"
backend = "core:bun"

[tools.bun."platforms.linux-x64"]
checksum = "sha256:951ee2aee855f08595aeec6225226a298d3fea83a3dcd6465c09cbccdf7e848f"
url = "https://github.com/oven-sh/bun/releases/download/bun-v1.3.14/bun-linux-x64.zip"

[tools.bun."platforms.linux-x64-baseline"]
checksum = "sha256:a063908ae08b7852ca10939bbdc6ceed3ddabce8fb9402dce83d65d73b36e6c7"
url = "https://github.com/oven-sh/bun/releases/download/bun-v1.3.14/bun-linux-x64-baseline.zip"

[tools.bun."platforms.linux-x64-musl"]
checksum = "sha256:14bd9aedeebf1dba67e8def9531c89bc989ecfdf1de42e5bfcaf1b8cd9294719"
url = "https://github.com/oven-sh/bun/releases/download/bun-v1.3.14/bun-linux-x64-musl.zip"

[tools.bun."platforms.linux-x64-musl-baseline"]
checksum = "sha256:56a7d6806cf155536c0178f0ea5fbd098e684fa509ebdb4fc0a7e19fb65382dc"
url = "https://github.com/oven-sh/bun/releases/download/bun-v1.3.14/bun-linux-x64-musl-baseline.zip"

[tools.bun."platforms.macos-arm64"]
checksum = "sha256:d8b96221828ad6f97ac7ac0ab7e95872341af763001e8803e8267652c2652620"
url = "https://github.com/oven-sh/bun/releases/download/bun-v1.3.14/bun-darwin-aarch64.zip"

[tools.bun."platforms.windows-x64"]
checksum = "sha256:0a0620930b6675d7ba440e81f4e0e00d3cfbe096c4b140d3fff02205e9e18922"
url = "https://github.com/oven-sh/bun/releases/download/bun-v1.3.14/bun-windows-x64.zip"

[tools.bun."platforms.windows-x64-baseline"]
checksum = "sha256:538f9c846355d9e847b2671bc00c47da4229a0befb24df3282b739770f3b475f"
url = "https://github.com/oven-sh/bun/releases/download/bun-v1.3.14/bun-windows-x64-baseline.zip"

[[tools.just]]
version = "1.55.1"
backend = "aqua:casey/just"

[tools.just."platforms.linux-x64"]
checksum = "sha256:b0ef600f0df20d5ae91ae931627c499fc52b477ffe5f5ea7b7b3ec616b16c778"
url = "https://github.com/casey/just/releases/download/1.55.1/just-1.55.1-x86_64-unknown-linux-musl.tar.gz"
url_api = "https://api.github.com/repos/casey/just/releases/assets/461837276"

[tools.just."platforms.linux-x64-baseline"]
checksum = "sha256:b0ef600f0df20d5ae91ae931627c499fc52b477ffe5f5ea7b7b3ec616b16c778"
url = "https://github.com/casey/just/releases/download/1.55.1/just-1.55.1-x86_64-unknown-linux-musl.tar.gz"
url_api = "https://api.github.com/repos/casey/just/releases/assets/461837276"

[tools.just."platforms.linux-x64-musl"]
checksum = "sha256:b0ef600f0df20d5ae91ae931627c499fc52b477ffe5f5ea7b7b3ec616b16c778"
url = "https://github.com/casey/just/releases/download/1.55.1/just-1.55.1-x86_64-unknown-linux-musl.tar.gz"
url_api = "https://api.github.com/repos/casey/just/releases/assets/461837276"

[tools.just."platforms.linux-x64-musl-baseline"]
checksum = "sha256:b0ef600f0df20d5ae91ae931627c499fc52b477ffe5f5ea7b7b3ec616b16c778"
url = "https://github.com/casey/just/releases/download/1.55.1/just-1.55.1-x86_64-unknown-linux-musl.tar.gz"
url_api = "https://api.github.com/repos/casey/just/releases/assets/461837276"

[tools.just."platforms.macos-arm64"]
checksum = "sha256:0225e3899b1b555bc3f4122d0402ba931a6ee697d188c68e4d971468064c78f4"
url = "https://github.com/casey/just/releases/download/1.55.1/just-1.55.1-aarch64-apple-darwin.tar.gz"
url_api = "https://api.github.com/repos/casey/just/releases/assets/461837511"

[tools.just."platforms.windows-x64"]
checksum = "sha256:8106e6c036aea52dd1d5109bdf9357c37ba87a0e0ef1013d7327103942550c79"
url = "https://github.com/casey/just/releases/download/1.55.1/just-1.55.1-x86_64-pc-windows-msvc.zip"
url_api = "https://api.github.com/repos/casey/just/releases/assets/461838062"

[tools.just."platforms.windows-x64-baseline"]
checksum = "sha256:8106e6c036aea52dd1d5109bdf9357c37ba87a0e0ef1013d7327103942550c79"
url = "https://github.com/casey/just/releases/download/1.55.1/just-1.55.1-x86_64-pc-windows-msvc.zip"
url_api = "https://api.github.com/repos/casey/just/releases/assets/461838062"

[[tools.markdownlint-cli2]]
version = "0.23.0"
backend = "npm:markdownlint-cli2"

[[tools.oxfmt]]
version = "0.57.0"
backend = "npm:oxfmt"

[[tools.oxlint]]
version = "1.72.0"
backend = "npm:oxlint"

[[tools."pipx:mdformat"]]
version = "1.0.0"
backend = "pipx:mdformat"

[tools."pipx:mdformat".options]
uvx_args = "--with mdformat-gfm --with mdformat-admon --with mdformat-config --with mdformat-footnote --with mdformat-simple-breaks --with mdformat-web --with mdformat-ruff --with mdformat-gfm-alerts --with mdformat-toc --with mdformat-front-matters"

[[tools."pipx:pre-commit"]]
version = "4.6.0"
backend = "pipx:pre-commit"

[[tools.shellcheck]]
version = "0.11.0"
backend = "aqua:koalaman/shellcheck"

[tools.shellcheck."platforms.linux-x64"]
checksum = "sha256:8c3be12b05d5c177a04c29e3c78ce89ac86f1595681cab149b65b97c4e227198"
url = "https://github.com/koalaman/shellcheck/releases/download/v0.11.0/shellcheck-v0.11.0.linux.x86_64.tar.xz"

[tools.shellcheck."platforms.linux-x64-baseline"]
checksum = "sha256:8c3be12b05d5c177a04c29e3c78ce89ac86f1595681cab149b65b97c4e227198"
url = "https://github.com/koalaman/shellcheck/releases/download/v0.11.0/shellcheck-v0.11.0.linux.x86_64.tar.xz"

[tools.shellcheck."platforms.linux-x64-musl"]
checksum = "sha256:8c3be12b05d5c177a04c29e3c78ce89ac86f1595681cab149b65b97c4e227198"
url = "https://github.com/koalaman/shellcheck/releases/download/v0.11.0/shellcheck-v0.11.0.linux.x86_64.tar.xz"

[tools.shellcheck."platforms.linux-x64-musl-baseline"]
checksum = "sha256:8c3be12b05d5c177a04c29e3c78ce89ac86f1595681cab149b65b97c4e227198"
url = "https://github.com/koalaman/shellcheck/releases/download/v0.11.0/shellcheck-v0.11.0.linux.x86_64.tar.xz"

[tools.shellcheck."platforms.macos-arm64"]
checksum = "sha256:56affdd8de5527894dca6dc3d7e0a99a873b0f004d7aabc30ae407d3f48b0a79"
url = "https://github.com/koalaman/shellcheck/releases/download/v0.11.0/shellcheck-v0.11.0.darwin.aarch64.tar.xz"

[tools.shellcheck."platforms.windows-x64"]
checksum = "sha256:8a4e35ab0b331c85d73567b12f2a444df187f483e5079ceffa6bda1faa2e740e"
url = "https://github.com/koalaman/shellcheck/releases/download/v0.11.0/shellcheck-v0.11.0.zip"

[tools.shellcheck."platforms.windows-x64-baseline"]
checksum = "sha256:8a4e35ab0b331c85d73567b12f2a444df187f483e5079ceffa6bda1faa2e740e"
url = "https://github.com/koalaman/shellcheck/releases/download/v0.11.0/shellcheck-v0.11.0.zip"

[[tools.syft]]
version = "1.46.0"
backend = "aqua:anchore/syft"

[tools.syft."platforms.linux-x64"]
checksum = "sha256:d654f678b709eb53c393d38519d5ed7d2e57205529404018614cfefa0fb2b5ca"
url = "https://github.com/anchore/syft/releases/download/v1.46.0/syft_1.46.0_linux_amd64.tar.gz"

[tools.syft."platforms.linux-x64-baseline"]
checksum = "sha256:d654f678b709eb53c393d38519d5ed7d2e57205529404018614cfefa0fb2b5ca"
url = "https://github.com/anchore/syft/releases/download/v1.46.0/syft_1.46.0_linux_amd64.tar.gz"

[tools.syft."platforms.linux-x64-musl"]
checksum = "sha256:d654f678b709eb53c393d38519d5ed7d2e57205529404018614cfefa0fb2b5ca"
url = "https://github.com/anchore/syft/releases/download/v1.46.0/syft_1.46.0_linux_amd64.tar.gz"

[tools.syft."platforms.linux-x64-musl-baseline"]
checksum = "sha256:d654f678b709eb53c393d38519d5ed7d2e57205529404018614cfefa0fb2b5ca"
url = "https://github.com/anchore/syft/releases/download/v1.46.0/syft_1.46.0_linux_amd64.tar.gz"

[tools.syft."platforms.macos-arm64"]
checksum = "sha256:cd4e2c40e075684a5746d8959f76b6572bb2d2dda8cf6877dbfff1cc0baeea01"
url = "https://github.com/anchore/syft/releases/download/v1.46.0/syft_1.46.0_darwin_arm64.tar.gz"

[tools.syft."platforms.windows-x64"]
checksum = "sha256:1e515c1ac4bc65917f8d0a52b6ae0e611082779cbf2da9d470282158dd24ea13"
url = "https://github.com/anchore/syft/releases/download/v1.46.0/syft_1.46.0_windows_amd64.zip"

[tools.syft."platforms.windows-x64-baseline"]
checksum = "sha256:1e515c1ac4bc65917f8d0a52b6ae0e611082779cbf2da9d470282158dd24ea13"
url = "https://github.com/anchore/syft/releases/download/v1.46.0/syft_1.46.0_windows_amd64.zip"

[[tools.taplo]]
version = "0.10.0"
backend = "aqua:tamasfe/taplo"

[tools.taplo."platforms.linux-x64"]
url = "https://github.com/tamasfe/taplo/releases/download/0.10.0/taplo-linux-x86_64.gz"

[tools.taplo."platforms.linux-x64-baseline"]
url = "https://github.com/tamasfe/taplo/releases/download/0.10.0/taplo-linux-x86_64.gz"

[tools.taplo."platforms.linux-x64-musl"]
url = "https://github.com/tamasfe/taplo/releases/download/0.10.0/taplo-linux-x86_64.gz"

[tools.taplo."platforms.linux-x64-musl-baseline"]
url = "https://github.com/tamasfe/taplo/releases/download/0.10.0/taplo-linux-x86_64.gz"

[tools.taplo."platforms.macos-arm64"]
url = "https://github.com/tamasfe/taplo/releases/download/0.10.0/taplo-darwin-aarch64.gz"

[tools.taplo."platforms.windows-x64"]
url = "https://github.com/tamasfe/taplo/releases/download/0.10.0/taplo-windows-x86_64.zip"

[tools.taplo."platforms.windows-x64-baseline"]
url = "https://github.com/tamasfe/taplo/releases/download/0.10.0/taplo-windows-x86_64.zip"
